
Microsoft Visual Studio Solution File, Format Version 12.00
# Visual Studio Version 16
VisualStudioVersion = 16.0.31624.102
MinimumVisualStudioVersion = 10.0.40219.1
Project("{FAE04EC0-301F-11D3-BF4B-00C04F79EFBC}") = "LabelTutorial.Android", "LabelTutorial\LabelTutorial.Android\LabelTutorial.Android.csproj", "{4BF902D4-6BDB-4D68-9332-1AF7B9D0EA02}"
EndProject
Project("{FAE04EC0-301F-11D3-BF4B-00C04F79EFBC}") = "LabelTutorial.iOS", "LabelTutorial\LabelTutorial.iOS\LabelTutorial.iOS.csproj", "{7DBDF93B-A7B3-4713-97AF-0E74F3382211}"
EndProject
Project("{FAE04EC0-301F-11D3-BF4B-00C04F79EFBC}") = "LabelTutorial", "LabelTutorial\LabelTutorial\LabelTutorial.csproj", "{708C9A31-1B8B-4F35-B5DF-C92F2E7FAB9F}"
EndProject
Global
	GlobalSection(SolutionConfigurationPlatforms) = preSolution
		Debug|Any CPU = Debug|Any CPU
		Debug|iPhone = Debug|iPhone
		Debug|iPhoneSimulator = Debug|iPhoneSimulator
		Release|Any CPU = Release|Any CPU
		Release|iPhone = Release|iPhone
		Release|iPhoneSimulator = Release|iPhoneSimulator
	EndGlobalSection
	GlobalSection(ProjectConfigurationPlatforms) = postSolution
		{4BF902D4-6BDB-4D68-9332-1AF7B9D0EA02}.Debug|Any CPU.ActiveCfg = Debug|Any CPU
		{4BF902D4-6BDB-4D68-9332-1AF7B9D0EA02}.Debug|Any CPU.Build.0 = Debug|Any CPU
		{4BF902D4-6BDB-4D68-9332-1AF7B9D0EA02}.Debug|Any CPU.Deploy.0 = Debug|Any CPU
		{4BF902D4-6BDB-4D68-9332-1AF7B9D0EA02}.Debug|iPhone.ActiveCfg = Debug|Any CPU
		{4BF902D4-6BDB-4D68-9332-1AF7B9D0EA02}.Debug|iPhone.Build.0 = Debug|Any CPU
		{4BF902D4-6BDB-4D68-9332-1AF7B9D0EA02}.Debug|iPhone.Deploy.0 = Debug|Any CPU
		{4BF902D4-6BDB-4D68-9332-1AF7B9D0EA02}.Debug|iPhoneSimulator.ActiveCfg = Debug|Any CPU
		{4BF902D4-6BDB-4D68-9332-1AF7B9D0EA02}.Debug|iPhoneSimulator.Build.0 = Debug|Any CPU
		{4BF902D4-6BDB-4D68-9332-1AF7B9D0EA02}.Debug|iPhoneSimulator.Deploy.0 = Debug|Any CPU
		{4BF902D4-6BDB-4D68-9332-1AF7B9D0EA02}.Release|Any CPU.ActiveCfg = Release|Any CPU
		{4BF902D4-6BDB-4D68-9332-1AF7B9D0EA02}.Release|Any CPU.Build.0 = Release|Any CPU
		{4BF902D4-6BDB-4D68-9332-1AF7B9D0EA02}.Release|Any CPU.Deploy.0 = Release|Any CPU
		{4BF902D4-6BDB-4D68-9332-1AF7B9D0EA02}.Release|iPhone.ActiveCfg = Release|Any CPU
		{4BF902D4-6BDB-4D68-9332-1AF7B9D0EA02}.Release|iPhone.Build.0 = Release|Any CPU
		{4BF902D4-6BDB-4D68-9332-1AF7B9D0EA02}.Release|iPhone.Deploy.0 = Release|Any CPU
		{4BF902D4-6BDB-4D68-9332-1AF7B9D0EA02}.Release|iPhoneSimulator.ActiveCfg = Release|Any CPU
		{4BF902D4-6BDB-4D68-9332-1AF7B9D0EA02}.Release|iPhoneSimulator.Build.0 = Release|Any CPU
		{4BF902D4-6BDB-4D68-9332-1AF7B9D0EA02}.Release|iPhoneSimulator.Deploy.0 = Release|Any CPU
		{7DBDF93B-A7B3-4713-97AF-0E74F3382211}.Debug|Any CPU.ActiveCfg = Debug|iPhone
		{7DBDF93B-A7B3-4713-97AF-0E74F3382211}.Debug|Any CPU.Build.0 = Debug|iPhone
		{7DBDF93B-A7B3-4713-97AF-0E74F3382211}.Debug|Any CPU.Deploy.0 = Debug|iPhone
		{7DBDF93B-A7B3-4713-97AF-0E74F3382211}.Debug|iPhone.ActiveCfg = Debug|iPhone
		{7DBDF93B-A7B3-4713-97AF-0E74F3382211}.Debug|iPhone.Build.0 = Debug|iPhone
		{7DBDF93B-A7B3-4713-97AF-0E74F3382211}.Debug|iPhone.Deploy.0 = Debug|iPhone
		{7DBDF93B-A7B3-4713-97AF-0E74F3382211}.Debug|iPhoneSimulator.ActiveCfg = Debug|iPhoneSimulator
		{7DBDF93B-A7B3-4713-97AF-0E74F3382211}.Debug|iPhoneSimulator.Build.0 = Debug|iPhoneSimulator
		{7DBDF93B-A7B3-4713-97AF-0E74F3382211}.Debug|iPhoneSimulator.Deploy.0 = Debug|iPhoneSimulator
		{7DBDF93B-A7B3-4713-97AF-0E74F3382211}.Release|Any CPU.ActiveCfg = Release|iPhoneSimulator
		{7DBDF93B-A7B3-4713-97AF-0E74F3382211}.Release|Any CPU.Build.0 = Release|iPhoneSimulator
		{7DBDF93B-A7B3-4713-97AF-0E74F3382211}.Release|Any CPU.Deploy.0 = Release|iPhoneSimulator
		{7DBDF93B-A7B3-4713-97AF-0E74F3382211}.Release|iPhone.ActiveCfg = Release|iPhone
		{7DBDF93B-A7B3-4713-97AF-0E74F3382211}.Release|iPhone.Build.0 = Release|iPhone
		{7DBDF93B-A7B3-4713-97AF-0E74F3382211}.Release|iPhone.Deploy.0 = Release|iPhone
		{7DBDF93B-A7B3-4713-97AF-0E74F3382211}.Release|iPhoneSimulator.ActiveCfg = Release|iPhoneSimulator
		{7DBDF93B-A7B3-4713-97AF-0E74F3382211}.Release|iPhoneSimulator.Build.0 = Release|iPhoneSimulator
		{7DBDF93B-A7B3-4713-97AF-0E74F3382211}.Release|iPhoneSimulator.Deploy.0 = Release|iPhoneSimulator
		{708C9A31-1B8B-4F35-B5DF-C92F2E7FAB9F}.Debug|Any CPU.ActiveCfg = Debug|Any CPU
		{708C9A31-1B8B-4F35-B5DF-C92F2E7FAB9F}.Debug|Any CPU.Build.0 = Debug|Any CPU
		{708C9A31-1B8B-4F35-B5DF-C92F2E7FAB9F}.Debug|Any CPU.Deploy.0 = Debug|Any CPU
		{708C9A31-1B8B-4F35-B5DF-C92F2E7FAB9F}.Debug|iPhone.ActiveCfg = Debug|Any CPU
		{708C9A31-1B8B-4F35-B5DF-C92F2E7FAB9F}.Debug|iPhone.Build.0 = Debug|Any CPU
		{708C9A31-1B8B-4F35-B5DF-C92F2E7FAB9F}.Debug|iPhone.Deploy.0 = Debug|Any CPU
		{708C9A31-1B8B-4F35-B5DF-C92F2E7FAB9F}.Debug|iPhoneSimulator.ActiveCfg = Debug|Any CPU
		{708C9A31-1B8B-4F35-B5DF-C92F2E7FAB9F}.Debug|iPhoneSimulator.Build.0 = Debug|Any CPU
		{708C9A31-1B8B-4F35-B5DF-C92F2E7FAB9F}.Debug|iPhoneSimulator.Deploy.0 = Debug|Any CPU
		{708C9A31-1B8B-4F35-B5DF-C92F2E7FAB9F}.Release|Any CPU.ActiveCfg = Release|Any CPU
		{708C9A31-1B8B-4F35-B5DF-C92F2E7FAB9F}.Release|Any CPU.Build.0 = Release|Any CPU
		{708C9A31-1B8B-4F35-B5DF-C92F2E7FAB9F}.Release|Any CPU.Deploy.0 = Release|Any CPU
		{708C9A31-1B8B-4F35-B5DF-C92F2E7FAB9F}.Release|iPhone.ActiveCfg = Release|Any CPU
		{708C9A31-1B8B-4F35-B5DF-C92F2E7FAB9F}.Release|iPhone.Build.0 = Release|Any CPU
		{708C9A31-1B8B-4F35-B5DF-C92F2E7FAB9F}.Release|iPhone.Deploy.0 = Release|Any CPU
		{708C9A31-1B8B-4F35-B5DF-C92F2E7FAB9F}.Release|iPhoneSimulator.ActiveCfg = Release|Any CPU
		{708C9A31-1B8B-4F35-B5DF-C92F2E7FAB9F}.Release|iPhoneSimulator.Build.0 = Release|Any CPU
		{708C9A31-1B8B-4F35-B5DF-C92F2E7FAB9F}.Release|iPhoneSimulator.Deploy.0 = Release|Any CPU
	EndGlobalSection
	GlobalSection(SolutionProperties) = preSolution
		HideSolutionNode = FALSE
	EndGlobalSection
	GlobalSection(ExtensibilityGlobals) = postSolution
		SolutionGuid = {8BAB590C-D4FC-4BE7-9805-BF71022E4520}
	EndGlobalSection
EndGlobal
